
Microsoft Visual Studio Solution File, Format Version 12.00
# Visual Studio 2013
VisualStudioVersion = 12.0.21005.1
MinimumVisualStudioVersion = 10.0.40219.1
Project("{FAE04EC0-301F-11D3-BF4B-00C04F79EFBC}") = "Chess.App", "Chess.App\Chess.App.csproj", "{FC019B46-946A-4C2D-A587-25F02B5B6711}"
EndProject
Project("{FAE04EC0-301F-11D3-BF4B-00C04F79EFBC}") = "Chess", "Chess\Chess.csproj", "{CB0FFBF8-54D2-4EB1-B28A-FEDFB7B8C960}"
EndProject
Project("{FAE04EC0-301F-11D3-BF4B-00C04F79EFBC}") = "Chess.WinBoard", "Chess.WinBoard\Chess.WinBoard.csproj", "{D0F363A1-7266-4E90-B4ED-A15FF78B2150}"
EndProject
Project("{FAE04EC0-301F-11D3-BF4B-00C04F79EFBC}") = "Chess.IO", "Chess.IO\Chess.IO.csproj", "{1BA7A39D-6517-4ED8-B31E-86BEFD94921B}"
EndProject
Project("{FAE04EC0-301F-11D3-BF4B-00C04F79EFBC}") = "Chess.Sensors", "Chess.Sensors\Chess.Sensors.csproj", "{D282D578-66E3-449B-8CA6-7EB66847EC29}"
EndProject
Project("{FAE04EC0-301F-11D3-BF4B-00C04F79EFBC}") = "Chess.ZTest", "Chess.ZTest\Chess.ZTest.csproj", "{A42FC411-E02E-4EAC-8486-A84B8AB790CA}"
EndProject
Project("{FAE04EC0-301F-11D3-BF4B-00C04F79EFBC}") = "Chess.Sensors.TobiiEyeTracker", "Chess.Sensors.TobiiEyeTracker\Chess.Sensors.TobiiEyeTracker.csproj", "{98F0EE06-F490-45EB-A3E3-AB34177E3CA1}"
EndProject
Project("{FAE04EC0-301F-11D3-BF4B-00C04F79EFBC}") = "Chess.Tests", "Chess.Tests\Chess.Tests.csproj", "{73BB86E9-4A10-48B6-81E5-77D616CC435B}"
EndProject
Project("{FAE04EC0-301F-11D3-BF4B-00C04F79EFBC}") = "Chess.Processing.Commands", "Chess.Processing.Commands\Chess.Processing.Commands.csproj", "{349623F2-2807-4876-A73B-E27CA6638AAA}"
EndProject
Project("{FAE04EC0-301F-11D3-BF4B-00C04F79EFBC}") = "Chess.Processing", "Chess.Processing\Chess.Processing.csproj", "{037F49A6-59AF-478E-9644-6A778BF7391E}"
EndProject
Global
	GlobalSection(SolutionConfigurationPlatforms) = preSolution
		Debug|Any CPU = Debug|Any CPU
		Debug|Mixed Platforms = Debug|Mixed Platforms
		Debug|x64 = Debug|x64
		Debug|x86 = Debug|x86
		Release|Any CPU = Release|Any CPU
		Release|Mixed Platforms = Release|Mixed Platforms
		Release|x64 = Release|x64
		Release|x86 = Release|x86
	EndGlobalSection
	GlobalSection(ProjectConfigurationPlatforms) = postSolution
		{FC019B46-946A-4C2D-A587-25F02B5B6711}.Debug|Any CPU.ActiveCfg = Debug|Any CPU
		{FC019B46-946A-4C2D-A587-25F02B5B6711}.Debug|Any CPU.Build.0 = Debug|Any CPU
		{FC019B46-946A-4C2D-A587-25F02B5B6711}.Debug|Mixed Platforms.ActiveCfg = Debug|Any CPU
		{FC019B46-946A-4C2D-A587-25F02B5B6711}.Debug|Mixed Platforms.Build.0 = Debug|Any CPU
		{FC019B46-946A-4C2D-A587-25F02B5B6711}.Debug|x64.ActiveCfg = Debug|x64
		{FC019B46-946A-4C2D-A587-25F02B5B6711}.Debug|x64.Build.0 = Debug|x64
		{FC019B46-946A-4C2D-A587-25F02B5B6711}.Debug|x86.ActiveCfg = Debug|x86
		{FC019B46-946A-4C2D-A587-25F02B5B6711}.Debug|x86.Build.0 = Debug|x86
		{FC019B46-946A-4C2D-A587-25F02B5B6711}.Release|Any CPU.ActiveCfg = Release|Any CPU
		{FC019B46-946A-4C2D-A587-25F02B5B6711}.Release|Any CPU.Build.0 = Release|Any CPU
		{FC019B46-946A-4C2D-A587-25F02B5B6711}.Release|Mixed Platforms.ActiveCfg = Release|Any CPU
		{FC019B46-946A-4C2D-A587-25F02B5B6711}.Release|Mixed Platforms.Build.0 = Release|Any CPU
		{FC019B46-946A-4C2D-A587-25F02B5B6711}.Release|x64.ActiveCfg = Release|x64
		{FC019B46-946A-4C2D-A587-25F02B5B6711}.Release|x64.Build.0 = Release|x64
		{FC019B46-946A-4C2D-A587-25F02B5B6711}.Release|x86.ActiveCfg = Release|x86
		{FC019B46-946A-4C2D-A587-25F02B5B6711}.Release|x86.Build.0 = Release|x86
		{CB0FFBF8-54D2-4EB1-B28A-FEDFB7B8C960}.Debug|Any CPU.ActiveCfg = Debug|Any CPU
		{CB0FFBF8-54D2-4EB1-B28A-FEDFB7B8C960}.Debug|Any CPU.Build.0 = Debug|Any CPU
		{CB0FFBF8-54D2-4EB1-B28A-FEDFB7B8C960}.Debug|Mixed Platforms.ActiveCfg = Debug|x86
		{CB0FFBF8-54D2-4EB1-B28A-FEDFB7B8C960}.Debug|Mixed Platforms.Build.0 = Debug|x86
		{CB0FFBF8-54D2-4EB1-B28A-FEDFB7B8C960}.Debug|x64.ActiveCfg = Debug|x64
		{CB0FFBF8-54D2-4EB1-B28A-FEDFB7B8C960}.Debug|x64.Build.0 = Debug|x64
		{CB0FFBF8-54D2-4EB1-B28A-FEDFB7B8C960}.Debug|x86.ActiveCfg = Debug|x86
		{CB0FFBF8-54D2-4EB1-B28A-FEDFB7B8C960}.Debug|x86.Build.0 = Debug|x86
		{CB0FFBF8-54D2-4EB1-B28A-FEDFB7B8C960}.Release|Any CPU.ActiveCfg = Release|Any CPU
		{CB0FFBF8-54D2-4EB1-B28A-FEDFB7B8C960}.Release|Any CPU.Build.0 = Release|Any CPU
		{CB0FFBF8-54D2-4EB1-B28A-FEDFB7B8C960}.Release|Mixed Platforms.ActiveCfg = Release|Any CPU
		{CB0FFBF8-54D2-4EB1-B28A-FEDFB7B8C960}.Release|Mixed Platforms.Build.0 = Release|Any CPU
		{CB0FFBF8-54D2-4EB1-B28A-FEDFB7B8C960}.Release|x64.ActiveCfg = Release|x64
		{CB0FFBF8-54D2-4EB1-B28A-FEDFB7B8C960}.Release|x64.Build.0 = Release|x64
		{CB0FFBF8-54D2-4EB1-B28A-FEDFB7B8C960}.Release|x86.ActiveCfg = Release|x86
		{CB0FFBF8-54D2-4EB1-B28A-FEDFB7B8C960}.Release|x86.Build.0 = Release|x86
		{D0F363A1-7266-4E90-B4ED-A15FF78B2150}.Debug|Any CPU.ActiveCfg = Debug|Any CPU
		{D0F363A1-7266-4E90-B4ED-A15FF78B2150}.Debug|Any CPU.Build.0 = Debug|Any CPU
		{D0F363A1-7266-4E90-B4ED-A15FF78B2150}.Debug|Mixed Platforms.ActiveCfg = Debug|Any CPU
		{D0F363A1-7266-4E90-B4ED-A15FF78B2150}.Debug|Mixed Platforms.Build.0 = Debug|Any CPU
		{D0F363A1-7266-4E90-B4ED-A15FF78B2150}.Debug|x64.ActiveCfg = Debug|x64
		{D0F363A1-7266-4E90-B4ED-A15FF78B2150}.Debug|x64.Build.0 = Debug|x64
		{D0F363A1-7266-4E90-B4ED-A15FF78B2150}.Debug|x86.ActiveCfg = Debug|x86
		{D0F363A1-7266-4E90-B4ED-A15FF78B2150}.Debug|x86.Build.0 = Debug|x86
		{D0F363A1-7266-4E90-B4ED-A15FF78B2150}.Release|Any CPU.ActiveCfg = Release|Any CPU
		{D0F363A1-7266-4E90-B4ED-A15FF78B2150}.Release|Any CPU.Build.0 = Release|Any CPU
		{D0F363A1-7266-4E90-B4ED-A15FF78B2150}.Release|Mixed Platforms.ActiveCfg = Release|Any CPU
		{D0F363A1-7266-4E90-B4ED-A15FF78B2150}.Release|Mixed Platforms.Build.0 = Release|Any CPU
		{D0F363A1-7266-4E90-B4ED-A15FF78B2150}.Release|x64.ActiveCfg = Release|x64
		{D0F363A1-7266-4E90-B4ED-A15FF78B2150}.Release|x64.Build.0 = Release|x64
		{D0F363A1-7266-4E90-B4ED-A15FF78B2150}.Release|x86.ActiveCfg = Release|x86
		{D0F363A1-7266-4E90-B4ED-A15FF78B2150}.Release|x86.Build.0 = Release|x86
		{1BA7A39D-6517-4ED8-B31E-86BEFD94921B}.Debug|Any CPU.ActiveCfg = Debug|Any CPU
		{1BA7A39D-6517-4ED8-B31E-86BEFD94921B}.Debug|Any CPU.Build.0 = Debug|Any CPU
		{1BA7A39D-6517-4ED8-B31E-86BEFD94921B}.Debug|Mixed Platforms.ActiveCfg = Debug|Any CPU
		{1BA7A39D-6517-4ED8-B31E-86BEFD94921B}.Debug|Mixed Platforms.Build.0 = Debug|Any CPU
		{1BA7A39D-6517-4ED8-B31E-86BEFD94921B}.Debug|x64.ActiveCfg = Debug|x64
		{1BA7A39D-6517-4ED8-B31E-86BEFD94921B}.Debug|x64.Build.0 = Debug|x64
		{1BA7A39D-6517-4ED8-B31E-86BEFD94921B}.Debug|x86.ActiveCfg = Debug|x86
		{1BA7A39D-6517-4ED8-B31E-86BEFD94921B}.Debug|x86.Build.0 = Debug|x86
		{1BA7A39D-6517-4ED8-B31E-86BEFD94921B}.Release|Any CPU.ActiveCfg = Release|Any CPU
		{1BA7A39D-6517-4ED8-B31E-86BEFD94921B}.Release|Any CPU.Build.0 = Release|Any CPU
		{1BA7A39D-6517-4ED8-B31E-86BEFD94921B}.Release|Mixed Platforms.ActiveCfg = Release|Any CPU
		{1BA7A39D-6517-4ED8-B31E-86BEFD94921B}.Release|Mixed Platforms.Build.0 = Release|Any CPU
		{1BA7A39D-6517-4ED8-B31E-86BEFD94921B}.Release|x64.ActiveCfg = Release|x64
		{1BA7A39D-6517-4ED8-B31E-86BEFD94921B}.Release|x64.Build.0 = Release|x64
		{1BA7A39D-6517-4ED8-B31E-86BEFD94921B}.Release|x86.ActiveCfg = Release|x86
		{1BA7A39D-6517-4ED8-B31E-86BEFD94921B}.Release|x86.Build.0 = Release|x86
		{D282D578-66E3-449B-8CA6-7EB66847EC29}.Debug|Any CPU.ActiveCfg = Debug|Any CPU
		{D282D578-66E3-449B-8CA6-7EB66847EC29}.Debug|Any CPU.Build.0 = Debug|Any CPU
		{D282D578-66E3-449B-8CA6-7EB66847EC29}.Debug|Mixed Platforms.ActiveCfg = Debug|Any CPU
		{D282D578-66E3-449B-8CA6-7EB66847EC29}.Debug|Mixed Platforms.Build.0 = Debug|Any CPU
		{D282D578-66E3-449B-8CA6-7EB66847EC29}.Debug|x64.ActiveCfg = Debug|x64
		{D282D578-66E3-449B-8CA6-7EB66847EC29}.Debug|x64.Build.0 = Debug|x64
		{D282D578-66E3-449B-8CA6-7EB66847EC29}.Debug|x86.ActiveCfg = Debug|x86
		{D282D578-66E3-449B-8CA6-7EB66847EC29}.Debug|x86.Build.0 = Debug|x86
		{D282D578-66E3-449B-8CA6-7EB66847EC29}.Release|Any CPU.ActiveCfg = Release|Any CPU
		{D282D578-66E3-449B-8CA6-7EB66847EC29}.Release|Any CPU.Build.0 = Release|Any CPU
		{D282D578-66E3-449B-8CA6-7EB66847EC29}.Release|Mixed Platforms.ActiveCfg = Release|Any CPU
		{D282D578-66E3-449B-8CA6-7EB66847EC29}.Release|Mixed Platforms.Build.0 = Release|Any CPU
		{D282D578-66E3-449B-8CA6-7EB66847EC29}.Release|x64.ActiveCfg = Release|x64
		{D282D578-66E3-449B-8CA6-7EB66847EC29}.Release|x64.Build.0 = Release|x64
		{D282D578-66E3-449B-8CA6-7EB66847EC29}.Release|x86.ActiveCfg = Release|x86
		{D282D578-66E3-449B-8CA6-7EB66847EC29}.Release|x86.Build.0 = Release|x86
		{A42FC411-E02E-4EAC-8486-A84B8AB790CA}.Debug|Any CPU.ActiveCfg = Debug|Any CPU
		{A42FC411-E02E-4EAC-8486-A84B8AB790CA}.Debug|Any CPU.Build.0 = Debug|Any CPU
		{A42FC411-E02E-4EAC-8486-A84B8AB790CA}.Debug|Mixed Platforms.ActiveCfg = Debug|Any CPU
		{A42FC411-E02E-4EAC-8486-A84B8AB790CA}.Debug|Mixed Platforms.Build.0 = Debug|Any CPU
		{A42FC411-E02E-4EAC-8486-A84B8AB790CA}.Debug|x64.ActiveCfg = Debug|x64
		{A42FC411-E02E-4EAC-8486-A84B8AB790CA}.Debug|x64.Build.0 = Debug|x64
		{A42FC411-E02E-4EAC-8486-A84B8AB790CA}.Debug|x86.ActiveCfg = Debug|x86
		{A42FC411-E02E-4EAC-8486-A84B8AB790CA}.Debug|x86.Build.0 = Debug|x86
		{A42FC411-E02E-4EAC-8486-A84B8AB790CA}.Release|Any CPU.ActiveCfg = Release|Any CPU
		{A42FC411-E02E-4EAC-8486-A84B8AB790CA}.Release|Any CPU.Build.0 = Release|Any CPU
		{A42FC411-E02E-4EAC-8486-A84B8AB790CA}.Release|Mixed Platforms.ActiveCfg = Release|Any CPU
		{A42FC411-E02E-4EAC-8486-A84B8AB790CA}.Release|Mixed Platforms.Build.0 = Release|Any CPU
		{A42FC411-E02E-4EAC-8486-A84B8AB790CA}.Release|x64.ActiveCfg = Release|x64
		{A42FC411-E02E-4EAC-8486-A84B8AB790CA}.Release|x64.Build.0 = Release|x64
		{A42FC411-E02E-4EAC-8486-A84B8AB790CA}.Release|x86.ActiveCfg = Release|x86
		{A42FC411-E02E-4EAC-8486-A84B8AB790CA}.Release|x86.Build.0 = Release|x86
		{98F0EE06-F490-45EB-A3E3-AB34177E3CA1}.Debug|Any CPU.ActiveCfg = Debug|Any CPU
		{98F0EE06-F490-45EB-A3E3-AB34177E3CA1}.Debug|Any CPU.Build.0 = Debug|Any CPU
		{98F0EE06-F490-45EB-A3E3-AB34177E3CA1}.Debug|Mixed Platforms.ActiveCfg = Debug|Any CPU
		{98F0EE06-F490-45EB-A3E3-AB34177E3CA1}.Debug|Mixed Platforms.Build.0 = Debug|Any CPU
		{98F0EE06-F490-45EB-A3E3-AB34177E3CA1}.Debug|x64.ActiveCfg = Debug|x64
		{98F0EE06-F490-45EB-A3E3-AB34177E3CA1}.Debug|x64.Build.0 = Debug|x64
		{98F0EE06-F490-45EB-A3E3-AB34177E3CA1}.Debug|x86.ActiveCfg = Debug|x86
		{98F0EE06-F490-45EB-A3E3-AB34177E3CA1}.Debug|x86.Build.0 = Debug|x86
		{98F0EE06-F490-45EB-A3E3-AB34177E3CA1}.Release|Any CPU.ActiveCfg = Release|Any CPU
		{98F0EE06-F490-45EB-A3E3-AB34177E3CA1}.Release|Any CPU.Build.0 = Release|Any CPU
		{98F0EE06-F490-45EB-A3E3-AB34177E3CA1}.Release|Mixed Platforms.ActiveCfg = Release|Any CPU
		{98F0EE06-F490-45EB-A3E3-AB34177E3CA1}.Release|Mixed Platforms.Build.0 = Release|Any CPU
		{98F0EE06-F490-45EB-A3E3-AB34177E3CA1}.Release|x64.ActiveCfg = Release|x64
		{98F0EE06-F490-45EB-A3E3-AB34177E3CA1}.Release|x64.Build.0 = Release|x64
		{98F0EE06-F490-45EB-A3E3-AB34177E3CA1}.Release|x86.ActiveCfg = Release|x86
		{98F0EE06-F490-45EB-A3E3-AB34177E3CA1}.Release|x86.Build.0 = Release|x86
		{73BB86E9-4A10-48B6-81E5-77D616CC435B}.Debug|Any CPU.ActiveCfg = Debug|Any CPU
		{73BB86E9-4A10-48B6-81E5-77D616CC435B}.Debug|Any CPU.Build.0 = Debug|Any CPU
		{73BB86E9-4A10-48B6-81E5-77D616CC435B}.Debug|Mixed Platforms.ActiveCfg = Debug|Any CPU
		{73BB86E9-4A10-48B6-81E5-77D616CC435B}.Debug|Mixed Platforms.Build.0 = Debug|Any CPU
		{73BB86E9-4A10-48B6-81E5-77D616CC435B}.Debug|x64.ActiveCfg = Debug|x64
		{73BB86E9-4A10-48B6-81E5-77D616CC435B}.Debug|x64.Build.0 = Debug|x64
		{73BB86E9-4A10-48B6-81E5-77D616CC435B}.Debug|x86.ActiveCfg = Debug|x86
		{73BB86E9-4A10-48B6-81E5-77D616CC435B}.Debug|x86.Build.0 = Debug|x86
		{73BB86E9-4A10-48B6-81E5-77D616CC435B}.Release|Any CPU.ActiveCfg = Release|Any CPU
		{73BB86E9-4A10-48B6-81E5-77D616CC435B}.Release|Any CPU.Build.0 = Release|Any CPU
		{73BB86E9-4A10-48B6-81E5-77D616CC435B}.Release|Mixed Platforms.ActiveCfg = Release|Any CPU
		{73BB86E9-4A10-48B6-81E5-77D616CC435B}.Release|Mixed Platforms.Build.0 = Release|Any CPU
		{73BB86E9-4A10-48B6-81E5-77D616CC435B}.Release|x64.ActiveCfg = Release|x64
		{73BB86E9-4A10-48B6-81E5-77D616CC435B}.Release|x64.Build.0 = Release|x64
		{73BB86E9-4A10-48B6-81E5-77D616CC435B}.Release|x86.ActiveCfg = Release|x86
		{73BB86E9-4A10-48B6-81E5-77D616CC435B}.Release|x86.Build.0 = Release|x86
		{349623F2-2807-4876-A73B-E27CA6638AAA}.Debug|Any CPU.ActiveCfg = Debug|Any CPU
		{349623F2-2807-4876-A73B-E27CA6638AAA}.Debug|Any CPU.Build.0 = Debug|Any CPU
		{349623F2-2807-4876-A73B-E27CA6638AAA}.Debug|Mixed Platforms.ActiveCfg = Debug|x86
		{349623F2-2807-4876-A73B-E27CA6638AAA}.Debug|Mixed Platforms.Build.0 = Debug|x86
		{349623F2-2807-4876-A73B-E27CA6638AAA}.Debug|x64.ActiveCfg = Debug|x64
		{349623F2-2807-4876-A73B-E27CA6638AAA}.Debug|x64.Build.0 = Debug|x64
		{349623F2-2807-4876-A73B-E27CA6638AAA}.Debug|x86.ActiveCfg = Debug|x86
		{349623F2-2807-4876-A73B-E27CA6638AAA}.Debug|x86.Build.0 = Debug|x86
		{349623F2-2807-4876-A73B-E27CA6638AAA}.Release|Any CPU.ActiveCfg = Release|Any CPU
		{349623F2-2807-4876-A73B-E27CA6638AAA}.Release|Any CPU.Build.0 = Release|Any CPU
		{349623F2-2807-4876-A73B-E27CA6638AAA}.Release|Mixed Platforms.ActiveCfg = Release|x86
		{349623F2-2807-4876-A73B-E27CA6638AAA}.Release|Mixed Platforms.Build.0 = Release|x86
		{349623F2-2807-4876-A73B-E27CA6638AAA}.Release|x64.ActiveCfg = Release|x64
		{349623F2-2807-4876-A73B-E27CA6638AAA}.Release|x64.Build.0 = Release|x64
		{349623F2-2807-4876-A73B-E27CA6638AAA}.Release|x86.ActiveCfg = Release|x86
		{349623F2-2807-4876-A73B-E27CA6638AAA}.Release|x86.Build.0 = Release|x86
		{037F49A6-59AF-478E-9644-6A778BF7391E}.Debug|Any CPU.ActiveCfg = Debug|Any CPU
		{037F49A6-59AF-478E-9644-6A778BF7391E}.Debug|Any CPU.Build.0 = Debug|Any CPU
		{037F49A6-59AF-478E-9644-6A778BF7391E}.Debug|Mixed Platforms.ActiveCfg = Debug|Any CPU
		{037F49A6-59AF-478E-9644-6A778BF7391E}.Debug|Mixed Platforms.Build.0 = Debug|Any CPU
		{037F49A6-59AF-478E-9644-6A778BF7391E}.Debug|x64.ActiveCfg = Debug|Any CPU
		{037F49A6-59AF-478E-9644-6A778BF7391E}.Debug|x64.Build.0 = Debug|Any CPU
		{037F49A6-59AF-478E-9644-6A778BF7391E}.Debug|x86.ActiveCfg = Debug|Any CPU
		{037F49A6-59AF-478E-9644-6A778BF7391E}.Release|Any CPU.ActiveCfg = Release|Any CPU
		{037F49A6-59AF-478E-9644-6A778BF7391E}.Release|Any CPU.Build.0 = Release|Any CPU
		{037F49A6-59AF-478E-9644-6A778BF7391E}.Release|Mixed Platforms.ActiveCfg = Release|Any CPU
		{037F49A6-59AF-478E-9644-6A778BF7391E}.Release|Mixed Platforms.Build.0 = Release|Any CPU
		{037F49A6-59AF-478E-9644-6A778BF7391E}.Release|x64.ActiveCfg = Release|Any CPU
		{037F49A6-59AF-478E-9644-6A778BF7391E}.Release|x86.ActiveCfg = Release|Any CPU
	EndGlobalSection
	GlobalSection(SolutionProperties) = preSolution
		HideSolutionNode = FALSE
	EndGlobalSection
EndGlobal
